PackratFormat: 1.4
PackratVersion: 0.4.1.1
RVersion: 3.1.1
Repos: CRAN=http://cran.rstudio.com,
    CRANextra=http://www.stats.ox.ac.uk/pub/RWin

Package: acepack
Source: CRAN
Version: 1.3-3.3

Package: car
Source: CRAN
Version: 2.0-21
Requires: MASS, nnet

Package: cluster
Source: CRAN
Version: 1.15.2
Hash: 7036bc656de12bbe8de1c6e1c5490d80

Package: colorspace
Source: CRAN
Version: 1.2-4

Package: contrast
Source: CRAN
Version: 0.19
Requires: rms

Package: dichromat
Source: CRAN
Version: 2.0-0

Package: digest
Source: CRAN
Version: 0.6.4

Package: effects
Source: CRAN
Version: 3.0-1
Requires: colorspace, lattice

Package: evaluate
Source: CRAN
Version: 0.5.5
Requires: stringr

Package: foreign
Source: CRAN
Version: 0.8-61
Hash: 0beba5c531f25fc53f4b55b3688ac523

Package: formatR
Source: CRAN
Version: 1.0
Hash: a90c211d7df7e61a72b8ab6c99c2e848

Package: Formula
Source: CRAN
Version: 1.1-2

Package: gdata
Source: CRAN
Version: 2.13.3
Requires: gtools

Package: ggplot2
Source: CRAN
Version: 1.0.0
Requires: digest, gtable, MASS, plyr, proto, reshape2, scales

Package: gmodels
Source: CRAN
Version: 2.15.4.1
Requires: gdata, MASS

Package: gtable
Source: CRAN
Version: 0.1.2

Package: gtools
Source: CRAN
Version: 3.4.1

Package: highr
Source: CRAN
Version: 0.3

Package: Hmisc
Source: CRAN
Version: 3.14-5
Requires: acepack, cluster, foreign, Formula, lattice, latticeExtra,
    nnet, rpart, survival

Package: knitr
Source: CRAN
Version: 1.6
Requires: digest, evaluate, formatR, highr, markdown, stringr
Hash: 0f6457facba94bccad17a7c67c2f4168

Package: labeling
Source: CRAN
Version: 0.3

Package: lattice
Source: CRAN
Version: 0.20-29
Hash: 17e9fe582d11197544a5ec817a80b21e

Package: latticeExtra
Source: CRAN
Version: 0.6-26
Requires: lattice, RColorBrewer

Package: lme4
Source: CRAN
Version: 1.1-7
Requires: lattice, MASS, Matrix, minqa, nlme, nloptr, Rcpp, RcppEigen

Package: lubridate
Source: CRAN
Version: 1.3.3
Requires: memoise, plyr, stringr

Package: markdown
Source: CRAN
Version: 0.7.4
Requires: mime
Hash: 01d7f71ed6e3d9b1c17ba51cff91be72

Package: MASS
Source: CRAN
Version: 7.3-33
Hash: a39763fb1980843f13616be87e879ac9

Package: Matrix
Source: CRAN
Version: 1.1-4
Requires: lattice
Hash: 09826c0d5d08defcc73e71afda63590c

Package: memoise
Source: CRAN
Version: 0.2.1
Requires: digest

Package: mime
Source: CRAN
Version: 0.1.2
Hash: 08ae994b18677717b786ade9c113b6ea

Package: minqa
Source: CRAN
Version: 1.2.3
Requires: Rcpp

Package: multcomp
Source: CRAN
Version: 1.3-6
Requires: mvtnorm, sandwich, survival, TH.data

Package: munsell
Source: CRAN
Version: 0.4.2
Requires: colorspace

Package: mvtnorm
Source: CRAN
Version: 1.0-0

Package: nlme
Source: CRAN
Version: 3.1-117
Requires: lattice
Hash: 2c835a1c4e1e0b48e614a8a4691a5ce3

Package: nloptr
Source: CRAN
Version: 1.0.4

Package: nnet
Source: CRAN
Version: 7.3-8
Hash: f04b41e75f1e25392acdaae59e6d3d4c

Package: packrat
Source: github
Version: 0.4.1.1
Hash: 23e75dedb768ffe0cb0ea70fd624c07f39848e4c
GithubRepo: packrat
GithubUsername: rstudio
GithubRef: master
GithubSha1: 23e75dedb768ffe0cb0ea70fd624c07f39848e4c

Package: plyr
Source: CRAN
Version: 1.8.1
Requires: Rcpp

Package: polspline
Source: CRAN
Version: 1.1.9

Package: proto
Source: CRAN
Version: 0.3-10

Package: quantreg
Source: CRAN
Version: 5.05
Requires: SparseM

Package: RColorBrewer
Source: CRAN
Version: 1.0-5

Package: Rcpp
Source: CRAN
Version: 0.11.2

Package: RcppEigen
Source: CRAN
Version: 0.3.2.2.0
Requires: Matrix, Rcpp

Package: reshape
Source: CRAN
Version: 0.8.5
Requires: plyr

Package: reshape2
Source: CRAN
Version: 1.4
Requires: plyr, Rcpp, stringr

Package: rJava
Source: CRAN
Version: 0.9-6

Package: rms
Source: CRAN
Version: 4.2-1
Requires: Hmisc, lattice, multcomp, nlme, polspline, quantreg, rpart,
    SparseM, survival

Package: rpart
Source: CRAN
Version: 4.1-8
Hash: de3c05e8706015c57e6b0d6843b269d8

Package: sandwich
Source: CRAN
Version: 2.3-2
Requires: zoo

Package: scales
Source: CRAN
Version: 0.2.4
Requires: dichromat, labeling, munsell, plyr, RColorBrewer

Package: SparseM
Source: CRAN
Version: 1.05

Package: stringr
Source: CRAN
Version: 0.6.2
Hash: cdde0cfa0f52cffeaca23a11a3899779

Package: survival
Source: CRAN
Version: 2.37-7
Hash: 09a1e94314fb616ea6f454dee9d75cdc

Package: TH.data
Source: CRAN
Version: 1.0-3

Package: xlsx
Source: CRAN
Version: 0.5.7
Requires: rJava, xlsxjars

Package: xlsxjars
Source: CRAN
Version: 0.6.1
Requires: rJava

Package: xtable
Source: CRAN
Version: 1.7-4

Package: zoo
Source: CRAN
Version: 1.7-11
Requires: lattice
